
Microsoft Visual Studio Solution File, Format Version 12.00
# Visual Studio 2013
VisualStudioVersion = 12.0.21005.1
MinimumVisualStudioVersion = 10.0.40219.1
Project("{2150E333-8FDC-42A3-9474-1A3956D46DE8}") = "01-SignalR", "01-SignalR", "{1CF4A8C1-B90D-4D9B-9F0C-F9EA47E984A5}"
EndProject
Project("{2150E333-8FDC-42A3-9474-1A3956D46DE8}") = "02-MVC5", "02-MVC5", "{A3EE108A-5F20-4FD9-8759-3BD2B1842FCD}"
EndProject
Project("{FAE04EC0-301F-11D3-BF4B-00C04F79EFBC}") = "Demo01-GettingStartedSignalR", "Demo01-GettingStartedSignalR\Demo01-GettingStartedSignalR.csproj", "{3D00C708-456B-46B3-A8E8-C6E83359BD44}"
EndProject
Project("{FAE04EC0-301F-11D3-BF4B-00C04F79EFBC}") = "Demo02-HelloSignalR", "Demo02-HelloSignalR\Demo02-HelloSignalR.csproj", "{C63E419E-DC81-4965-8AB2-68AEDA40F8F5}"
EndProject
Project("{FAE04EC0-301F-11D3-BF4B-00C04F79EFBC}") = "Demo03-InteractiveBetweenServerAndClient", "Demo03-InteractiveBetweenServerAndClient\Demo03-InteractiveBetweenServerAndClient.csproj", "{4EE40A27-CDED-4E05-9863-B23D9790FEC0}"
EndProject
Project("{FAE04EC0-301F-11D3-BF4B-00C04F79EFBC}") = "Demo04-HostingSignalROnConsoleApp", "Demo04-HostingSignalROnConsoleApp\Demo04-HostingSignalROnConsoleApp.csproj", "{1462A372-A570-4AA0-9943-27DB21823799}"
EndProject
Project("{FAE04EC0-301F-11D3-BF4B-00C04F79EFBC}") = "Demo04-SignalRConsumerOnConsoleApp", "Demo04-SignalRConsumerOnConsoleApp\Demo04-SignalRConsumerOnConsoleApp.csproj", "{AE6E43BE-35C7-494F-A77C-F000A5A96F80}"
EndProject
Project("{FAE04EC0-301F-11D3-BF4B-00C04F79EFBC}") = "demo01-BasicMVC", "demo01-BasicMVC\demo01-BasicMVC.csproj", "{EF5A7516-FCB7-4B66-A224-35181E6744FC}"
EndProject
Project("{FAE04EC0-301F-11D3-BF4B-00C04F79EFBC}") = "demo02-Scaffolding", "demo02-Scaffolding\demo02-Scaffolding.csproj", "{E91867C9-3A0D-46F3-917D-E73A21416DAB}"
EndProject
Project("{FAE04EC0-301F-11D3-BF4B-00C04F79EFBC}") = "demo03-ASPNETIndentity", "demo03-ASPNETIndentity\demo03-ASPNETIndentity.csproj", "{EBA07E1A-1CD5-4280-A52B-EF9173FEBCCD}"
EndProject
Global
	GlobalSection(SolutionConfigurationPlatforms) = preSolution
		Debug|Any CPU = Debug|Any CPU
		Release|Any CPU = Release|Any CPU
	EndGlobalSection
	GlobalSection(ProjectConfigurationPlatforms) = postSolution
		{3D00C708-456B-46B3-A8E8-C6E83359BD44}.Debug|Any CPU.ActiveCfg = Debug|Any CPU
		{3D00C708-456B-46B3-A8E8-C6E83359BD44}.Debug|Any CPU.Build.0 = Debug|Any CPU
		{3D00C708-456B-46B3-A8E8-C6E83359BD44}.Release|Any CPU.ActiveCfg = Release|Any CPU
		{3D00C708-456B-46B3-A8E8-C6E83359BD44}.Release|Any CPU.Build.0 = Release|Any CPU
		{C63E419E-DC81-4965-8AB2-68AEDA40F8F5}.Debug|Any CPU.ActiveCfg = Debug|Any CPU
		{C63E419E-DC81-4965-8AB2-68AEDA40F8F5}.Debug|Any CPU.Build.0 = Debug|Any CPU
		{C63E419E-DC81-4965-8AB2-68AEDA40F8F5}.Release|Any CPU.ActiveCfg = Release|Any CPU
		{C63E419E-DC81-4965-8AB2-68AEDA40F8F5}.Release|Any CPU.Build.0 = Release|Any CPU
		{4EE40A27-CDED-4E05-9863-B23D9790FEC0}.Debug|Any CPU.ActiveCfg = Debug|Any CPU
		{4EE40A27-CDED-4E05-9863-B23D9790FEC0}.Debug|Any CPU.Build.0 = Debug|Any CPU
		{4EE40A27-CDED-4E05-9863-B23D9790FEC0}.Release|Any CPU.ActiveCfg = Release|Any CPU
		{4EE40A27-CDED-4E05-9863-B23D9790FEC0}.Release|Any CPU.Build.0 = Release|Any CPU
		{1462A372-A570-4AA0-9943-27DB21823799}.Debug|Any CPU.ActiveCfg = Debug|Any CPU
		{1462A372-A570-4AA0-9943-27DB21823799}.Debug|Any CPU.Build.0 = Debug|Any CPU
		{1462A372-A570-4AA0-9943-27DB21823799}.Release|Any CPU.ActiveCfg = Release|Any CPU
		{1462A372-A570-4AA0-9943-27DB21823799}.Release|Any CPU.Build.0 = Release|Any CPU
		{AE6E43BE-35C7-494F-A77C-F000A5A96F80}.Debug|Any CPU.ActiveCfg = Debug|Any CPU
		{AE6E43BE-35C7-494F-A77C-F000A5A96F80}.Debug|Any CPU.Build.0 = Debug|Any CPU
		{AE6E43BE-35C7-494F-A77C-F000A5A96F80}.Release|Any CPU.ActiveCfg = Release|Any CPU
		{AE6E43BE-35C7-494F-A77C-F000A5A96F80}.Release|Any CPU.Build.0 = Release|Any CPU
		{EF5A7516-FCB7-4B66-A224-35181E6744FC}.Debug|Any CPU.ActiveCfg = Debug|Any CPU
		{EF5A7516-FCB7-4B66-A224-35181E6744FC}.Debug|Any CPU.Build.0 = Debug|Any CPU
		{EF5A7516-FCB7-4B66-A224-35181E6744FC}.Release|Any CPU.ActiveCfg = Release|Any CPU
		{EF5A7516-FCB7-4B66-A224-35181E6744FC}.Release|Any CPU.Build.0 = Release|Any CPU
		{E91867C9-3A0D-46F3-917D-E73A21416DAB}.Debug|Any CPU.ActiveCfg = Debug|Any CPU
		{E91867C9-3A0D-46F3-917D-E73A21416DAB}.Debug|Any CPU.Build.0 = Debug|Any CPU
		{E91867C9-3A0D-46F3-917D-E73A21416DAB}.Release|Any CPU.ActiveCfg = Release|Any CPU
		{E91867C9-3A0D-46F3-917D-E73A21416DAB}.Release|Any CPU.Build.0 = Release|Any CPU
		{EBA07E1A-1CD5-4280-A52B-EF9173FEBCCD}.Debug|Any CPU.ActiveCfg = Debug|Any CPU
		{EBA07E1A-1CD5-4280-A52B-EF9173FEBCCD}.Debug|Any CPU.Build.0 = Debug|Any CPU
		{EBA07E1A-1CD5-4280-A52B-EF9173FEBCCD}.Release|Any CPU.ActiveCfg = Release|Any CPU
		{EBA07E1A-1CD5-4280-A52B-EF9173FEBCCD}.Release|Any CPU.Build.0 = Release|Any CPU
	EndGlobalSection
	GlobalSection(SolutionProperties) = preSolution
		HideSolutionNode = FALSE
	EndGlobalSection
	GlobalSection(NestedProjects) = preSolution
		{3D00C708-456B-46B3-A8E8-C6E83359BD44} = {1CF4A8C1-B90D-4D9B-9F0C-F9EA47E984A5}
		{C63E419E-DC81-4965-8AB2-68AEDA40F8F5} = {1CF4A8C1-B90D-4D9B-9F0C-F9EA47E984A5}
		{4EE40A27-CDED-4E05-9863-B23D9790FEC0} = {1CF4A8C1-B90D-4D9B-9F0C-F9EA47E984A5}
		{1462A372-A570-4AA0-9943-27DB21823799} = {1CF4A8C1-B90D-4D9B-9F0C-F9EA47E984A5}
		{AE6E43BE-35C7-494F-A77C-F000A5A96F80} = {1CF4A8C1-B90D-4D9B-9F0C-F9EA47E984A5}
		{EF5A7516-FCB7-4B66-A224-35181E6744FC} = {A3EE108A-5F20-4FD9-8759-3BD2B1842FCD}
		{E91867C9-3A0D-46F3-917D-E73A21416DAB} = {A3EE108A-5F20-4FD9-8759-3BD2B1842FCD}
		{EBA07E1A-1CD5-4280-A52B-EF9173FEBCCD} = {A3EE108A-5F20-4FD9-8759-3BD2B1842FCD}
	EndGlobalSection
EndGlobal
